
Microsoft Visual Studio Solution File, Format Version 12.00
# Visual Studio Version 17
VisualStudioVersion = 17.8.34525.116
MinimumVisualStudioVersion = 10.0.40219.1
Project("{FAE04EC0-301F-11D3-BF4B-00C04F79EFBC}") = "TaskManagement", "TaskManagement\TaskManagement.csproj", "{279EF927-F345-4F3D-8708-E0018228266C}"
EndProject
Global
	GlobalSection(SolutionConfigurationPlatforms) = preSolution
		Debug|Any CPU = Debug|Any CPU
		Release|Any CPU = Release|Any CPU
	EndGlobalSection
	GlobalSection(ProjectConfigurationPlatforms) = postSolution
		{279EF927-F345-4F3D-8708-E0018228266C}.Debug|Any CPU.ActiveCfg = Debug|Any CPU
		{279EF927-F345-4F3D-8708-E0018228266C}.Debug|Any CPU.Build.0 = Debug|Any CPU
		{279EF927-F345-4F3D-8708-E0018228266C}.Release|Any CPU.ActiveCfg = Release|Any CPU
		{279EF927-F345-4F3D-8708-E0018228266C}.Release|Any CPU.Build.0 = Release|Any CPU
	EndGlobalSection
	GlobalSection(SolutionProperties) = preSolution
		HideSolutionNode = FALSE
	EndGlobalSection
	GlobalSection(ExtensibilityGlobals) = postSolution
		SolutionGuid = {6867C648-B4DC-4ECD-8CDF-0567E080AC89}
	EndGlobalSection
EndGlobal
